
Microsoft Visual Studio Solution File, Format Version 12.00
# Visual Studio 15
VisualStudioVersion = 15.0.27703.2035
MinimumVisualStudioVersion = 10.0.40219.1
Project("{FAE04EC0-301F-11D3-BF4B-00C04F79EFBC}") = "YouDoIt207", "YouDoIt207\YouDoIt207.csproj", "{6681EB82-33E8-4054-AAE5-960D96DF57CD}"
EndProject
Global
	GlobalSection(SolutionConfigurationPlatforms) = preSolution
		Debug|Any CPU = Debug|Any CPU
		Release|Any CPU = Release|Any CPU
	EndGlobalSection
	GlobalSection(ProjectConfigurationPlatforms) = postSolution
		{6681EB82-33E8-4054-AAE5-960D96DF57CD}.Debug|Any CPU.ActiveCfg = Debug|Any CPU
		{6681EB82-33E8-4054-AAE5-960D96DF57CD}.Debug|Any CPU.Build.0 = Debug|Any CPU
		{6681EB82-33E8-4054-AAE5-960D96DF57CD}.Release|Any CPU.ActiveCfg = Release|Any CPU
		{6681EB82-33E8-4054-AAE5-960D96DF57CD}.Release|Any CPU.Build.0 = Release|Any CPU
	EndGlobalSection
	GlobalSection(SolutionProperties) = preSolution
		HideSolutionNode = FALSE
	EndGlobalSection
	GlobalSection(ExtensibilityGlobals) = postSolution
		SolutionGuid = {E096E400-7520-4136-9066-65ECE40BC238}
	EndGlobalSection
EndGlobal
