
Microsoft Visual Studio Solution File, Format Version 12.00
# Visual Studio 15
VisualStudioVersion = 15.0.27703.2035
MinimumVisualStudioVersion = 10.0.40219.1
Project("{FAE04EC0-301F-11D3-BF4B-00C04F79EFBC}") = "Greetings", "Greetings\Greetings.csproj", "{79D4D18C-A3AC-43FB-A69E-E8BC6CDDDEFE}"
EndProject
Global
	GlobalSection(SolutionConfigurationPlatforms) = preSolution
		Debug|Any CPU = Debug|Any CPU
		Release|Any CPU = Release|Any CPU
	EndGlobalSection
	GlobalSection(ProjectConfigurationPlatforms) = postSolution
		{79D4D18C-A3AC-43FB-A69E-E8BC6CDDDEFE}.Debug|Any CPU.ActiveCfg = Debug|Any CPU
		{79D4D18C-A3AC-43FB-A69E-E8BC6CDDDEFE}.Debug|Any CPU.Build.0 = Debug|Any CPU
		{79D4D18C-A3AC-43FB-A69E-E8BC6CDDDEFE}.Release|Any CPU.ActiveCfg = Release|Any CPU
		{79D4D18C-A3AC-43FB-A69E-E8BC6CDDDEFE}.Release|Any CPU.Build.0 = Release|Any CPU
	EndGlobalSection
	GlobalSection(SolutionProperties) = preSolution
		HideSolutionNode = FALSE
	EndGlobalSection
	GlobalSection(ExtensibilityGlobals) = postSolution
		SolutionGuid = {635FA71F-3EDB-41B2-907E-0A23A52F6565}
	EndGlobalSection
EndGlobal
