
Microsoft Visual Studio Solution File, Format Version 12.00
# Visual Studio 15
VisualStudioVersion = 15.0.27703.2035
MinimumVisualStudioVersion = 10.0.40219.1
Project("{FAE04EC0-301F-11D3-BF4B-00C04F79EFBC}") = "TestScores", "TestScores\TestScores.csproj", "{CD316BA5-F9EC-4B9A-836D-6EC8A88F3902}"
EndProject
Global
	GlobalSection(SolutionConfigurationPlatforms) = preSolution
		Debug|Any CPU = Debug|Any CPU
		Release|Any CPU = Release|Any CPU
	EndGlobalSection
	GlobalSection(ProjectConfigurationPlatforms) = postSolution
		{CD316BA5-F9EC-4B9A-836D-6EC8A88F3902}.Debug|Any CPU.ActiveCfg = Debug|Any CPU
		{CD316BA5-F9EC-4B9A-836D-6EC8A88F3902}.Debug|Any CPU.Build.0 = Debug|Any CPU
		{CD316BA5-F9EC-4B9A-836D-6EC8A88F3902}.Release|Any CPU.ActiveCfg = Release|Any CPU
		{CD316BA5-F9EC-4B9A-836D-6EC8A88F3902}.Release|Any CPU.Build.0 = Release|Any CPU
	EndGlobalSection
	GlobalSection(SolutionProperties) = preSolution
		HideSolutionNode = FALSE
	EndGlobalSection
	GlobalSection(ExtensibilityGlobals) = postSolution
		SolutionGuid = {F0DCBF27-CA03-4EC2-A2E0-A3023DDDF191}
	EndGlobalSection
EndGlobal
