
Microsoft Visual Studio Solution File, Format Version 12.00
# Visual Studio 15
VisualStudioVersion = 15.0.27703.2035
MinimumVisualStudioVersion = 10.0.40219.1
Project("{FAE04EC0-301F-11D3-BF4B-00C04F79EFBC}") = "GuessingGame2", "GuessingGame2\GuessingGame2.csproj", "{0B067357-2762-4467-AB41-58B562D49E4E}"
EndProject
Global
	GlobalSection(SolutionConfigurationPlatforms) = preSolution
		Debug|Any CPU = Debug|Any CPU
		Release|Any CPU = Release|Any CPU
	EndGlobalSection
	GlobalSection(ProjectConfigurationPlatforms) = postSolution
		{0B067357-2762-4467-AB41-58B562D49E4E}.Debug|Any CPU.ActiveCfg = Debug|Any CPU
		{0B067357-2762-4467-AB41-58B562D49E4E}.Debug|Any CPU.Build.0 = Debug|Any CPU
		{0B067357-2762-4467-AB41-58B562D49E4E}.Release|Any CPU.ActiveCfg = Release|Any CPU
		{0B067357-2762-4467-AB41-58B562D49E4E}.Release|Any CPU.Build.0 = Release|Any CPU
	EndGlobalSection
	GlobalSection(SolutionProperties) = preSolution
		HideSolutionNode = FALSE
	EndGlobalSection
	GlobalSection(ExtensibilityGlobals) = postSolution
		SolutionGuid = {D4F87B63-6E40-47C9-8EA6-C09D774DDA6A}
	EndGlobalSection
EndGlobal
