
Microsoft Visual Studio Solution File, Format Version 12.00
# Visual Studio 15
VisualStudioVersion = 15.0.27703.2035
MinimumVisualStudioVersion = 10.0.40219.1
Project("{FAE04EC0-301F-11D3-BF4B-00C04F79EFBC}") = "ValidID", "ValidID\ValidID.csproj", "{EA393CC2-D2FD-4E01-9D2D-7D3E8398D077}"
EndProject
Global
	GlobalSection(SolutionConfigurationPlatforms) = preSolution
		Debug|Any CPU = Debug|Any CPU
		Release|Any CPU = Release|Any CPU
	EndGlobalSection
	GlobalSection(ProjectConfigurationPlatforms) = postSolution
		{EA393CC2-D2FD-4E01-9D2D-7D3E8398D077}.Debug|Any CPU.ActiveCfg = Debug|Any CPU
		{EA393CC2-D2FD-4E01-9D2D-7D3E8398D077}.Debug|Any CPU.Build.0 = Debug|Any CPU
		{EA393CC2-D2FD-4E01-9D2D-7D3E8398D077}.Release|Any CPU.ActiveCfg = Release|Any CPU
		{EA393CC2-D2FD-4E01-9D2D-7D3E8398D077}.Release|Any CPU.Build.0 = Release|Any CPU
	EndGlobalSection
	GlobalSection(SolutionProperties) = preSolution
		HideSolutionNode = FALSE
	EndGlobalSection
	GlobalSection(ExtensibilityGlobals) = postSolution
		SolutionGuid = {C0A68C46-3139-4679-9A39-6B40CEB023EC}
	EndGlobalSection
EndGlobal
